Microsoft Visual Studio Solution File, Format Version 8.00
Project("{8BC9CEB8-8B4A-11D0-8D11-00A0C91BC942}") = "Obsidium Short Keygen", "Obsidium Short Keygen.vcproj", "{F9C0C71C-E26D-46B4-B280-104C89EAD8DF}"
	ProjectSection(ProjectDependencies) = postProject
	EndProjectSection
EndProject
Global
	GlobalSection(SolutionConfiguration) = preSolution
		Debug = Debug
		Release = Release
	EndGlobalSection
	GlobalSection(ProjectConfiguration) = postSolution
		{F9C0C71C-E26D-46B4-B280-104C89EAD8DF}.Debug.ActiveCfg = Debug|Win32
		{F9C0C71C-E26D-46B4-B280-104C89EAD8DF}.Debug.Build.0 = Debug|Win32
		{F9C0C71C-E26D-46B4-B280-104C89EAD8DF}.Release.ActiveCfg = Release|Win32
		{F9C0C71C-E26D-46B4-B280-104C89EAD8DF}.Release.Build.0 = Release|Win32
	EndGlobalSection
	GlobalSection(ExtensibilityGlobals) = postSolution
	EndGlobalSection
	GlobalSection(ExtensibilityAddIns) = postSolution
	EndGlobalSection
EndGlobal
