
Microsoft Visual Studio Solution File, Format Version 10.00
# Visual Studio 2008
Project("{FAE04EC0-301F-11D3-BF4B-00C04F79EFBC}") = "obsi_keygen", "obsi_keygen\obsi_keygen.csproj", "{1AF84874-CE37-4E70-AD41-4EE0DAD78672}"
EndProject
Global
	GlobalSection(SolutionConfigurationPlatforms) = preSolution
		Debug|Any CPU = Debug|Any CPU
		Release|Any CPU = Release|Any CPU
	EndGlobalSection
	GlobalSection(ProjectConfigurationPlatforms) = postSolution
		{1AF84874-CE37-4E70-AD41-4EE0DAD78672}.Debug|Any CPU.ActiveCfg = Debug|x86
		{1AF84874-CE37-4E70-AD41-4EE0DAD78672}.Debug|Any CPU.Build.0 = Debug|x86
		{1AF84874-CE37-4E70-AD41-4EE0DAD78672}.Release|Any CPU.ActiveCfg = Release|Any CPU
		{1AF84874-CE37-4E70-AD41-4EE0DAD78672}.Release|Any CPU.Build.0 = Release|Any CPU
	EndGlobalSection
	GlobalSection(SolutionProperties) = preSolution
		HideSolutionNode = FALSE
	EndGlobalSection
EndGlobal
